{
  "requires": true,
  "lockfileVersion": 1,
  "dependencies": {
    "font-awesome": {
      "version": "4.7.0",
      "resolved": "https://registry.npmjs.org/font-awesome/-/font-awesome-4.7.0.tgz",
      "integrity": "sha1-j6jPBBGhoxr9B7BtKQK7n8gVoTM="
    },
    "froala-editor": {
      "version": "2.7.1",
      "resolved": "https://registry.npmjs.org/froala-editor/-/froala-editor-2.7.1.tgz",
      "integrity": "sha512-GMRckZNsFaLxSmsLzIBkdN0U1VjJY88vBje+9G+1xlC3mm/0ggvJKv0NuQ+2OC9Rb6RW2xJWScgnGZ7n797AXA==",
      "requires": {
        "font-awesome": "4.7.0",
        "jquery": "3.2.1"
      }
    },
    "jquery": {
      "version": "3.2.1",
      "resolved": "https://registry.npmjs.org/jquery/-/jquery-3.2.1.tgz",
      "integrity": "sha1-XE2d5lKvbNCncBVKYxu6ErAVx4c="
    }
  }
}
